github.com/DSiSc/contractsManage v1.1.0 h1:eFo1kEOLdnoWdlOmklFYOnxTYLsa/iTOeSp1fmktVDA=
github.com/DSiSc/contractsManage v1.1.0/go.mod h1:DRH9I68FAkJV9Aj7h9uAIvyEorLPWav8aoIxiESvwAw=
github.com/DSiSc/craft v1.1.0 h1:wWrSDT0vWoTDs3P47rZvyUr1YFRWV9qBH6w624gI6d0=
github.com/DSiSc/craft v1.1.0/go.mod h1:3jII20y5BcY99GlDc4akjHsPs9p3AysjFfdCtjl8AXs=
github.com/DSiSc/crypto-suite v1.1.0 h1:cKKsCBvbS0FA2ghqAnR2Hwd29rHSe1ArnsDjRUQtUAY=
github.com/DSiSc/crypto-suite v1.1.0/go.mod h1:ZQoM4mQFALHCyWOR7of30qVQjUrFh/APbSjk5p+2kZw=
github.com/DSiSc/monkey v1.0.1 h1:PhulQM3cIQESiDRW10o5IgU8USgOjNsjHl6A1wZOmks=
github.com/DSiSc/monkey v1.0.1/go.mod h1:T9veIF2bVIlp1yX/p2zjkWyaD6WBfQlPndknwk7/3B0=
github.com/DSiSc/repository v1.1.0 h1:y2ZsiSFgu7LMfi7EY9Dxmn74QLLs63wxEsZHJFUduyM=
github.com/DSiSc/repository v1.1.0/go.mod h1:uOqJDhUHV179FJ9qtGmIL85gs/RPWY0gGK8qj46oO+Q=
github.com/DSiSc/validator v1.1.0 h1:58ar3id6W6WIgGAW/roLBphO5aqOVQ+fHKgZaOLd/EM=
github.com/DSiSc/validator v1.1.0/go.mod h1:I0cVezdxukZnWmRfMvjrYcif880NPpUlo4veqLMbF1g=
github.com/davecgh/go-spew v1.1.1 h1:vj9j/u1bqnvCEfJOwUhtlOARqs3+rkHYY13jYWTU97c=
github.com/davecgh/go-spew v1.1.1/go.mod h1:J7Y8YcW2NihsgmVo/mv3lAwl/skON4iLHjSsI+c5H38=
github.com/pmezard/go-difflib v1.0.0 h1:4DBwDE0NGyQoBHbLQYPwSUPoCMWR5BEzIk/f1lZbAQM=
github.com/pmezard/go-difflib v1.0.0/go.mod h1:iKH77koFhYxTK1pcRnkKkqfTogsbg7gZNVY4sRDYZ/4=
github.com/stretchr/testify v1.11.1 h1:7s2iGBzp5EwR7/aIZr8ao5+dra3wiQyKjjFuvgVKu7U=
github.com/stretchr/testify v1.11.1/go.mod h1:wZwfW3scLgRK+23gO65QZefKpKQRnfz6sD981Nm4B6U=
gopkg.in/check.v1 v0.0.0-20161208181325-20d25e280405 h1:yhCVgyC4o1eVCa2tZl7eS0r+SDo693bJlVdllGtEeKM=
gopkg.in/check.v1 v0.0.0-20161208181325-20d25e280405/go.mod h1:Co6ibVJAznAaIkqp8huTwlJQCZ016jof/cbN4VW5Yz0=
gopkg.in/yaml.v3 v3.0.1 h1:fxVm/GzAzEWqLHuvctI91KS9hhNmmWOoWu0XTYJS7CA=
gopkg.in/yaml.v3 v3.0.1/go.mod h1:K4uyk7z7BCEPqu6E+C64Yfv1cQ7kz7rIZviUmN+EgEM=
